// !$*UTF8*$!
{
	archiveVersion = 1;
	classes = {
	};
	objectVersion = 55;
	objects = {

/* Begin PBXBuildFile section */
		9E3294C789E36A295E57E15F /* Pods_TabbarExample.framework in Frameworks */ = {isa = PBXBuildFile; fileRef = 17064D3BE99E5FF8A7AE18FC /* Pods_TabbarExample.framework */; };
		A5621B9F287ED066002E2B45 /* AppDelegate.swift in Sources */ = {isa = PBXBuildFile; fileRef = A5621B9E287ED066002E2B45 /* AppDelegate.swift */; };
		A5621BA1287ED066002E2B45 /* SceneDelegate.swift in Sources */ = {isa = PBXBuildFile; fileRef = A5621BA0287ED066002E2B45 /* SceneDelegate.swift */; };
		A5621BA3287ED066002E2B45 /* ViewController.swift in Sources */ = {isa = PBXBuildFile; fileRef = A5621BA2287ED066002E2B45 /* ViewController.swift */; };
		A5621BA6287ED066002E2B45 /* Main.storyboard in Resources */ = {isa = PBXBuildFile; fileRef = A5621BA4287ED066002E2B45 /* Main.storyboard */; };
		A5621BA8287ED067002E2B45 /* Assets.xcassets in Resources */ = {isa = PBXBuildFile; fileRef = A5621BA7287ED067002E2B45 /* Assets.xcassets */; };
		A5621BAB287ED067002E2B45 /* LaunchScreen.storyboard in Resources */ = {isa = PBXBuildFile; fileRef = A5621BA9287ED067002E2B45 /* LaunchScreen.storyboard */; };
/* End PBXBuildFile section */

/* Begin PBXFileReference section */
		17064D3BE99E5FF8A7AE18FC /* Pods_TabbarExample.framework */ = {isa = PBXFileReference; explicitFileType = wrapper.framework; includeInIndex = 0; path = Pods_TabbarExample.framework; sourceTree = BUILT_PRODUCTS_DIR; };
		517ED888C00914A812B2D135 /* Pods-TabbarExample.release.xcconfig */ = {isa = PBXFileReference; includeInIndex = 1; lastKnownFileType = text.xcconfig; name = "Pods-TabbarExample.release.xcconfig"; path = "Target Support Files/Pods-TabbarExample/Pods-TabbarExample.release.xcconfig"; sourceTree = "<group>"; };
		A5621B9B287ED066002E2B45 /* TabbarExample.app */ = {isa = PBXFileReference; explicitFileType = wrapper.application; includeInIndex = 0; path = TabbarExample.app; sourceTree = BUILT_PRODUCTS_DIR; };
		A5621B9E287ED066002E2B45 /* AppDelegate.swift */ = {isa = PBXFileReference; lastKnownFileType = sourcecode.swift; path = AppDelegate.swift; sourceTree = "<group>"; };
		A5621BA0287ED066002E2B45 /* SceneDelegate.swift */ = {isa = PBXFileReference; lastKnownFileType = sourcecode.swift; path = SceneDelegate.swift; sourceTree = "<group>"; };
		A5621BA2287ED066002E2B45 /* ViewController.swift */ = {isa = PBXFileReference; lastKnownFileType = sourcecode.swift; path = ViewController.swift; sourceTree = "<group>"; };
		A5621BA5287ED066002E2B45 /* Base */ = {isa = PBXFileReference; lastKnownFileType = file.storyboard; name = Base; path = Base.lproj/Main.storyboard; sourceTree = "<group>"; };
		A5621BA7287ED067002E2B45 /* Assets.xcassets */ = {isa = PBXFileReference; lastKnownFileType = folder.assetcatalog; path = Assets.xcassets; sourceTree = "<group>"; };
		A5621BAA287ED067002E2B45 /* Base */ = {isa = PBXFileReference; lastKnownFileType = file.storyboard; name = Base; path = Base.lproj/LaunchScreen.storyboard; sourceTree = "<group>"; };
		A5621BAC287ED067002E2B45 /* Info.plist */ = {isa = PBXFileReference; lastKnownFileType = text.plist.xml; path = Info.plist; sourceTree = "<group>"; };
		DFFA6DCA5B5F49877E4B7333 /* Pods-TabbarExample.debug.xcconfig */ = {isa = PBXFileReference; includeInIndex = 1; lastKnownFileType = text.xcconfig; name = "Pods-TabbarExample.debug.xcconfig"; path = "Target Support Files/Pods-TabbarExample/Pods-TabbarExample.debug.xcconfig"; sourceTree = "<group>"; };
/* End PBXFileReference section */

/* Begin PBXFrameworksBuildPhase section */
		A5621B98287ED066002E2B45 /* Frameworks */ = {
			isa = PBXFrameworksBuildPhase;
			buildActionMask = 2147483647;
			files = (
				9E3294C789E36A295E57E15F /* Pods_TabbarExample.framework in Frameworks */,
			);
			runOnlyForDeploymentPostprocessing = 0;
		};
/* End PBXFrameworksBuildPhase section */

/* Begin PBXGroup section */
		0BE5A9CEE4CD0DED084EB8F1 /* Pods */ = {
			isa = PBXGroup;
			children = (
				DFFA6DCA5B5F49877E4B7333 /* Pods-TabbarExample.debug.xcconfig */,
				517ED888C00914A812B2D135 /* Pods-TabbarExample.release.xcconfig */,
			);
			path = Pods;
			sourceTree = "<group>";
		};
		A5621B92287ED066002E2B45 = {
			isa = PBXGroup;
			children = (
				A5621B9D287ED066002E2B45 /* TabbarExample */,
				A5621B9C287ED066002E2B45 /* Products */,
				0BE5A9CEE4CD0DED084EB8F1 /* Pods */,
				CBC321C378C174C89EA058BC /* Frameworks */,
			);
			sourceTree = "<group>";
		};
		A5621B9C287ED066002E2B45 /* Products */ = {
			isa = PBXGroup;
			children = (
				A5621B9B287ED066002E2B45 /* TabbarExample.app */,
			);
			name = Products;
			sourceTree = "<group>";
		};
		A5621B9D287ED066002E2B45 /* TabbarExample */ = {
			isa = PBXGroup;
			children = (
				A5BCC99B288211B400EC348E /* Storyboards */,
				A5BCC99A288211A700EC348E /* ViewControllers */,
				A5621B9E287ED066002E2B45 /* AppDelegate.swift */,
				A5621BA0287ED066002E2B45 /* SceneDelegate.swift */,
				A5621BA7287ED067002E2B45 /* Assets.xcassets */,
				A5621BA9287ED067002E2B45 /* LaunchScreen.storyboard */,
				A5621BAC287ED067002E2B45 /* Info.plist */,
			);
			path = TabbarExample;
			sourceTree = "<group>";
		};
		A5BCC99A288211A700EC348E /* ViewControllers */ = {
			isa = PBXGroup;
			children = (
				A5621BA2287ED066002E2B45 /* ViewController.swift */,
			);
			path = ViewControllers;
			sourceTree = "<group>";
		};
		A5BCC99B288211B400EC348E /* Storyboards */ = {
			isa = PBXGroup;
			children = (
				A5621BA4287ED066002E2B45 /* Main.storyboard */,
			);
			path = Storyboards;
			sourceTree = "<group>";
		};
		CBC321C378C174C89EA058BC /* Frameworks */ = {
			isa = PBXGroup;
			children = (
				17064D3BE99E5FF8A7AE18FC /* Pods_TabbarExample.framework */,
			);
			name = Frameworks;
			sourceTree = "<group>";
		};
/* End PBXGroup section */

/* Begin PBXNativeTarget section */
		A5621B9A287ED066002E2B45 /* TabbarExample */ = {
			isa = PBXNativeTarget;
			buildConfigurationList = A5621BAF287ED067002E2B45 /* Build configuration list for PBXNativeTarget "TabbarExample" */;
			buildPhases = (
				920063814DEF9E332295E846 /* [CP] Check Pods Manifest.lock */,
				A5621B97287ED066002E2B45 /* Sources */,
				A5621B98287ED066002E2B45 /* Frameworks */,
				A5621B99287ED066002E2B45 /* Resources */,
			);
			buildRules = (
			);
			dependencies = (
			);
			name = TabbarExample;
			productName = TabbarExample;
			productReference = A5621B9B287ED066002E2B45 /* TabbarExample.app */;
			productType = "com.apple.product-type.application";
		};
/* End PBXNativeTarget section */

/* Begin PBXProject section */
		A5621B93287ED066002E2B45 /* Project object */ = {
			isa = PBXProject;
			attributes = {
				BuildIndependentTargetsInParallel = 1;
				LastSwiftUpdateCheck = 1340;
				LastUpgradeCheck = 1340;
				TargetAttributes = {
					A5621B9A287ED066002E2B45 = {
						CreatedOnToolsVersion = 13.4.1;
					};
				};
			};
			buildConfigurationList = A5621B96287ED066002E2B45 /* Build configuration list for PBXProject "TabbarExample" */;
			compatibilityVersion = "Xcode 13.0";
			developmentRegion = en;
			hasScannedForEncodings = 0;
			knownRegions = (
				en,
				Base,
			);
			mainGroup = A5621B92287ED066002E2B45;
			productRefGroup = A5621B9C287ED066002E2B45 /* Products */;
			projectDirPath = "";
			projectRoot = "";
			targets = (
				A5621B9A287ED066002E2B45 /* TabbarExample */,
			);
		};
/* End PBXProject section */

/* Begin PBXResourcesBuildPhase section */
		A5621B99287ED066002E2B45 /* Resources */ = {
			isa = PBXResourcesBuildPhase;
			buildActionMask = 2147483647;
			files = (
				A5621BAB287ED067002E2B45 /* LaunchScreen.storyboard in Resources */,
				A5621BA8287ED067002E2B45 /* Assets.xcassets in Resources */,
				A5621BA6287ED066002E2B45 /* Main.storyboard in Resources */,
			);
			runOnlyForDeploymentPostprocessing = 0;
		};
/* End PBXResourcesBuildPhase section */

/* Begin PBXShellScriptBuildPhase section */
		920063814DEF9E332295E846 /* [CP] Check Pods Manifest.lock */ = {
			isa = PBXShellScriptBuildPhase;
			buildActionMask = 2147483647;
			files = (
			);
			inputFileListPaths = (
			);
			inputPaths = (
				"${PODS_PODFILE_DIR_PATH}/Podfile.lock",
				"${PODS_ROOT}/Manifest.lock",
			);
			name = "[CP] Check Pods Manifest.lock";
			outputFileListPaths = (
			);
			outputPaths = (
				"$(DERIVED_FILE_DIR)/Pods-TabbarExample-checkManifestLockResult.txt",
			);
			runOnlyForDeploymentPostprocessing = 0;
			shellPath = /bin/sh;
			shellScript = "diff \"${PODS_PODFILE_DIR_PATH}/Podfile.lock\" \"${PODS_ROOT}/Manifest.lock\" > /dev/null\nif [ $? != 0 ] ; then\n    # print error to STDERR\n    echo \"error: The sandbox is not in sync with the Podfile.lock. Run 'pod install' or update your CocoaPods installation.\" >&2\n    exit 1\nfi\n# This output is used by Xcode 'outputs' to avoid re-running this script phase.\necho \"SUCCESS\" > \"${SCRIPT_OUTPUT_FILE_0}\"\n";
			showEnvVarsInLog = 0;
		};
/* End PBXShellScriptBuildPhase section */

/* Begin PBXSourcesBuildPhase section */
		A5621B97287ED066002E2B45 /* Sources */ = {
			isa = PBXSourcesBuildPhase;
			buildActionMask = 2147483647;
			files = (
				A5621BA3287ED066002E2B45 /* ViewController.swift in Sources */,
				A5621B9F287ED066002E2B45 /* AppDelegate.swift in Sources */,
				A5621BA1287ED066002E2B45 /* SceneDelegate.swift in Sources */,
			);
			runOnlyForDeploymentPostprocessing = 0;
		};
/* End PBXSourcesBuildPhase section */

/* Begin PBXVariantGroup section */
		A5621BA4287ED066002E2B45 /* Main.storyboard */ = {
			isa = PBXVariantGroup;
			children = (
				A5621BA5287ED066002E2B45 /* Base */,
			);
			name = Main.storyboard;
			sourceTree = "<group>";
		};
		A5621BA9287ED067002E2B45 /* LaunchScreen.storyboard */ = {
			isa = PBXVariantGroup;
			children = (
				A5621BAA287ED067002E2B45 /* Base */,
			);
			name = LaunchScreen.storyboard;
			sourceTree = "<group>";
		};
/* End PBXVariantGroup section */

/* Begin XCBuildConfiguration section */
		A5621BAD287ED067002E2B45 /* Debug */ = {
			isa = XCBuildConfiguration;
			buildSettings = {
				ALWAYS_SEARCH_USER_PATHS = NO;
				CLANG_ANALYZER_NONNULL = YES;
				CLANG_ANALYZER_NUMBER_OBJECT_CONVERSION = YES_AGGRESSIVE;
				CLANG_CXX_LANGUAGE_STANDARD = "gnu++17";
				CLANG_ENABLE_MODULES = YES;
				CLANG_ENABLE_OBJC_ARC = YES;
				CLANG_ENABLE_OBJC_WEAK = YES;
				CLANG_WARN_BLOCK_CAPTURE_AUTORELEASING = YES;
				CLANG_WARN_BOOL_CONVERSION = YES;
				CLANG_WARN_COMMA = YES;
				CLANG_WARN_CONSTANT_CONVERSION = YES;
				CLANG_WARN_DEPRECATED_OBJC_IMPLEMENTATIONS = YES;
				CLANG_WARN_DIRECT_OBJC_ISA_USAGE = YES_ERROR;
				CLANG_WARN_DOCUMENTATION_COMMENTS = YES;
				CLANG_WARN_EMPTY_BODY = YES;
				CLANG_WARN_ENUM_CONVERSION = YES;
				CLANG_WARN_INFINITE_RECURSION = YES;
				CLANG_WARN_INT_CONVERSION = YES;
				CLANG_WARN_NON_LITERAL_NULL_CONVERSION = YES;
				CLANG_WARN_OBJC_IMPLICIT_RETAIN_SELF = YES;
				CLANG_WARN_OBJC_LITERAL_CONVERSION = YES;
				CLANG_WARN_OBJC_ROOT_CLASS = YES_ERROR;
				CLANG_WARN_QUOTED_INCLUDE_IN_FRAMEWORK_HEADER = YES;
				CLANG_WARN_RANGE_LOOP_ANALYSIS = YES;
				CLANG_WARN_STRICT_PROTOTYPES = YES;
				CLANG_WARN_SUSPICIOUS_MOVE = YES;
				CLANG_WARN_UNGUARDED_AVAILABILITY = YES_AGGRESSIVE;
				CLANG_WARN_UNREACHABLE_CODE = YES;
				CLANG_WARN__DUPLICATE_METHOD_MATCH = YES;
				COPY_PHASE_STRIP = NO;
				DEBUG_INFORMATION_FORMAT = dwarf;
				ENABLE_STRICT_OBJC_MSGSEND = YES;
				ENABLE_TESTABILITY = YES;
				GCC_C_LANGUAGE_STANDARD = gnu11;
				GCC_DYNAMIC_NO_PIC = NO;
				GCC_NO_COMMON_BLOCKS = YES;
				GCC_OPTIMIZATION_LEVEL = 0;
				GCC_PREPROCESSOR_DEFINITIONS = (
					"DEBUG=1",
					"$(inherited)",
				);
				GCC_WARN_64_TO_32_BIT_CONVERSION = YES;
				GCC_WARN_ABOUT_RETURN_TYPE = YES_ERROR;
				GCC_WARN_UNDECLARED_SELECTOR = YES;
				GCC_WARN_UNINITIALIZED_AUTOS = YES_AGGRESSIVE;
				GCC_WARN_UNUSED_FUNCTION = YES;
				GCC_WARN_UNUSED_VARIABLE = YES;
				IPHONEOS_DEPLOYMENT_TARGET = 15.5;
				MTL_ENABLE_DEBUG_INFO = INCLUDE_SOURCE;
				MTL_FAST_MATH = YES;
				ONLY_ACTIVE_ARCH = YES;
				SDKROOT = iphoneos;
				SWIFT_ACTIVE_COMPILATION_CONDITIONS = DEBUG;
				SWIFT_OPTIMIZATION_LEVEL = "-Onone";
			};
			name = Debug;
		};
		A5621BAE287ED067002E2B45 /* Release */ = {
			isa = XCBuildConfiguration;
			buildSettings = {
				ALWAYS_SEARCH_USER_PATHS = NO;
				CLANG_ANALYZER_NONNULL = YES;
				CLANG_ANALYZER_NUMBER_OBJECT_CONVERSION = YES_AGGRESSIVE;
				CLANG_CXX_LANGUAGE_STANDARD = "gnu++17";
				CLANG_ENABLE_MODULES = YES;
				CLANG_ENABLE_OBJC_ARC = YES;
				CLANG_ENABLE_OBJC_WEAK = YES;
				CLANG_WARN_BLOCK_CAPTURE_AUTORELEASING = YES;
				CLANG_WARN_BOOL_CONVERSION = YES;
				CLANG_WARN_COMMA = YES;
				CLANG_WARN_CONSTANT_CONVERSION = YES;
				CLANG_WARN_DEPRECATED_OBJC_IMPLEMENTATIONS = YES;
				CLANG_WARN_DIRECT_OBJC_ISA_USAGE = YES_ERROR;
				CLANG_WARN_DOCUMENTATION_COMMENTS = YES;
				CLANG_WARN_EMPTY_BODY = YES;
				CLANG_WARN_ENUM_CONVERSION = YES;
				CLANG_WARN_INFINITE_RECURSION = YES;
				CLANG_WARN_INT_CONVERSION = YES;
				CLANG_WARN_NON_LITERAL_NULL_CONVERSION = YES;
				CLANG_WARN_OBJC_IMPLICIT_RETAIN_SELF = YES;
				CLANG_WARN_OBJC_LITERAL_CONVERSION = YES;
				CLANG_WARN_OBJC_ROOT_CLASS = YES_ERROR;
				CLANG_WARN_QUOTED_INCLUDE_IN_FRAMEWORK_HEADER = YES;
				CLANG_WARN_RANGE_LOOP_ANALYSIS = YES;
				CLANG_WARN_STRICT_PROTOTYPES = YES;
				CLANG_WARN_SUSPICIOUS_MOVE = YES;
				CLANG_WARN_UNGUARDED_AVAILABILITY = YES_AGGRESSIVE;
				CLANG_WARN_UNREACHABLE_CODE = YES;
				CLANG_WARN__DUPLICATE_METHOD_MATCH = YES;
				COPY_PHASE_STRIP = NO;
				DEBUG_INFORMATION_FORMAT = "dwarf-with-dsym";
				ENABLE_NS_ASSERTIONS = NO;
				ENABLE_STRICT_OBJC_MSGSEND = YES;
				GCC_C_LANGUAGE_STANDARD = gnu11;
				GCC_NO_COMMON_BLOCKS = YES;
				GCC_WARN_64_TO_32_BIT_CONVERSION = YES;
				GCC_WARN_ABOUT_RETURN_TYPE = YES_ERROR;
				GCC_WARN_UNDECLARED_SELECTOR = YES;
				GCC_WARN_UNINITIALIZED_AUTOS = YES_AGGRESSIVE;
				GCC_WARN_UNUSED_FUNCTION = YES;
				GCC_WARN_UNUSED_VARIABLE = YES;
				IPHONEOS_DEPLOYMENT_TARGET = 15.5;
				MTL_ENABLE_DEBUG_INFO = NO;
				MTL_FAST_MATH = YES;
				SDKROOT = iphoneos;
				SWIFT_COMPILATION_MODE = wholemodule;
				SWIFT_OPTIMIZATION_LEVEL = "-O";
				VALIDATE_PRODUCT = YES;
			};
			name = Release;
		};
		A5621BB0287ED067002E2B45 /* Debug */ = {
			isa = XCBuildConfiguration;
			baseConfigurationReference = DFFA6DCA5B5F49877E4B7333 /* Pods-TabbarExample.debug.xcconfig */;
			buildSettings = {
				ASSETCATALOG_COMPILER_APPICON_NAME = AppIcon;
				ASSETCATALOG_COMPILER_GLOBAL_ACCENT_COLOR_NAME = AccentColor;
				CODE_SIGN_STYLE = Automatic;
				CURRENT_PROJECT_VERSION = 1;
				GENERATE_INFOPLIST_FILE = YES;
				INFOPLIST_FILE = TabbarExample/Info.plist;
				INFOPLIST_KEY_UIApplicationSupportsIndirectInputEvents = YES;
				INFOPLIST_KEY_UILaunchStoryboardName = LaunchScreen;
				INFOPLIST_KEY_UIMainStoryboardFile = Main;
				INFOPLIST_KEY_UISupportedInterfaceOrientations_iPad = "UIInterfaceOrientationPortrait UIInterfaceOrientationPortraitUpsideDown UIInterfaceOrientationLandscapeLeft UIInterfaceOrientationLandscapeRight";
				INFOPLIST_KEY_UISupportedInterfaceOrientations_iPhone = "UIInterfaceOrientationPortrait UIInterfaceOrientationLandscapeLeft UIInterfaceOrientationLandscapeRight";
				LD_RUNPATH_SEARCH_PATHS = (
					"$(inherited)",
					"@executable_path/Frameworks",
				);
				MARKETING_VERSION = 1.0;
				PRODUCT_BUNDLE_IDENTIFIER = com.ssmi.TabbarExample;
				PRODUCT_NAME = "$(TARGET_NAME)";
				SWIFT_EMIT_LOC_STRINGS = YES;
				SWIFT_VERSION = 5.0;
				TARGETED_DEVICE_FAMILY = "1,2";
			};
			name = Debug;
		};
		A5621BB1287ED067002E2B45 /* Release */ = {
			isa = XCBuildConfiguration;
			baseConfigurationReference = 517ED888C00914A812B2D135 /* Pods-TabbarExample.release.xcconfig */;
			buildSettings = {
				ASSETCATALOG_COMPILER_APPICON_NAME = AppIcon;
				ASSETCATALOG_COMPILER_GLOBAL_ACCENT_COLOR_NAME = AccentColor;
				CODE_SIGN_STYLE = Automatic;
				CURRENT_PROJECT_VERSION = 1;
				GENERATE_INFOPLIST_FILE = YES;
				INFOPLIST_FILE = TabbarExample/Info.plist;
				INFOPLIST_KEY_UIApplicationSupportsIndirectInputEvents = YES;
				INFOPLIST_KEY_UILaunchStoryboardName = LaunchScreen;
				INFOPLIST_KEY_UIMainStoryboardFile = Main;
				INFOPLIST_KEY_UISupportedInterfaceOrientations_iPad = "UIInterfaceOrientationPortrait UIInterfaceOrientationPortraitUpsideDown UIInterfaceOrientationLandscapeLeft UIInterfaceOrientationLandscapeRight";
				INFOPLIST_KEY_UISupportedInterfaceOrientations_iPhone = "UIInterfaceOrientationPortrait UIInterfaceOrientationLandscapeLeft UIInterfaceOrientationLandscapeRight";
				LD_RUNPATH_SEARCH_PATHS = (
					"$(inherited)",
					"@executable_path/Frameworks",
				);
				MARKETING_VERSION = 1.0;
				PRODUCT_BUNDLE_IDENTIFIER = com.ssmi.TabbarExample;
				PRODUCT_NAME = "$(TARGET_NAME)";
				SWIFT_EMIT_LOC_STRINGS = YES;
				SWIFT_VERSION = 5.0;
				TARGETED_DEVICE_FAMILY = "1,2";
			};
			name = Release;
		};
/* End XCBuildConfiguration section */

/* Begin XCConfigurationList section */
		A5621B96287ED066002E2B45 /* Build configuration list for PBXProject "TabbarExample" */ = {
			isa = XCConfigurationList;
			buildConfigurations = (
				A5621BAD287ED067002E2B45 /* Debug */,
				A5621BAE287ED067002E2B45 /* Release */,
			);
			defaultConfigurationIsVisible = 0;
			defaultConfigurationName = Release;
		};
		A5621BAF287ED067002E2B45 /* Build configuration list for PBXNativeTarget "TabbarExample" */ = {
			isa = XCConfigurationList;
			buildConfigurations = (
				A5621BB0287ED067002E2B45 /* Debug */,
				A5621BB1287ED067002E2B45 /* Release */,
			);
			defaultConfigurationIsVisible = 0;
			defaultConfigurationName = Release;
		};
/* End XCConfigurationList section */
	};
	rootObject = A5621B93287ED066002E2B45 /* Project object */;
}
