// !$*UTF8*$!
{
	archiveVersion = 1;
	classes = {
	};
	objectVersion = 55;
	objects = {

/* Begin PBXBuildFile section */
		A531394F28858568008C3AB2 /* AppDelegate.swift in Sources */ = {isa = PBXBuildFile; fileRef = A531394E28858568008C3AB2 /* AppDelegate.swift */; };
		A531395128858568008C3AB2 /* SceneDelegate.swift in Sources */ = {isa = PBXBuildFile; fileRef = A531395028858568008C3AB2 /* SceneDelegate.swift */; };
		A531395328858568008C3AB2 /* ViewController.swift in Sources */ = {isa = PBXBuildFile; fileRef = A531395228858568008C3AB2 /* ViewController.swift */; };
		A531395628858568008C3AB2 /* Main.storyboard in Resources */ = {isa = PBXBuildFile; fileRef = A531395428858568008C3AB2 /* Main.storyboard */; };
		A531395828858569008C3AB2 /* Assets.xcassets in Resources */ = {isa = PBXBuildFile; fileRef = A531395728858569008C3AB2 /* Assets.xcassets */; };
		A531395B28858569008C3AB2 /* LaunchScreen.storyboard in Resources */ = {isa = PBXBuildFile; fileRef = A531395928858569008C3AB2 /* LaunchScreen.storyboard */; };
		A5313964288589A6008C3AB2 /* ThirdViewController.swift in Sources */ = {isa = PBXBuildFile; fileRef = A5313963288589A6008C3AB2 /* ThirdViewController.swift */; };
		A531396628859157008C3AB2 /* SecondViewController.swift in Sources */ = {isa = PBXBuildFile; fileRef = A531396528859157008C3AB2 /* SecondViewController.swift */; };
		A5313968288594F0008C3AB2 /* IntroViewController.swift in Sources */ = {isa = PBXBuildFile; fileRef = A5313967288594F0008C3AB2 /* IntroViewController.swift */; };
		E644071D2DB364FC454C9DD2 /* Pods_ScreenChangeExample.framework in Frameworks */ = {isa = PBXBuildFile; fileRef = 1181B9CA0F37BBF6DDB88670 /* Pods_ScreenChangeExample.framework */; };
/* End PBXBuildFile section */

/* Begin PBXFileReference section */
		1181B9CA0F37BBF6DDB88670 /* Pods_ScreenChangeExample.framework */ = {isa = PBXFileReference; explicitFileType = wrapper.framework; includeInIndex = 0; path = Pods_ScreenChangeExample.framework; sourceTree = BUILT_PRODUCTS_DIR; };
		753C3C47AEAF1A0C141DA9E3 /* Pods-ScreenChangeExample.debug.xcconfig */ = {isa = PBXFileReference; includeInIndex = 1; lastKnownFileType = text.xcconfig; name = "Pods-ScreenChangeExample.debug.xcconfig"; path = "Target Support Files/Pods-ScreenChangeExample/Pods-ScreenChangeExample.debug.xcconfig"; sourceTree = "<group>"; };
		A531394B28858568008C3AB2 /* ScreenChangeExample.app */ = {isa = PBXFileReference; explicitFileType = wrapper.application; includeInIndex = 0; path = ScreenChangeExample.app; sourceTree = BUILT_PRODUCTS_DIR; };
		A531394E28858568008C3AB2 /* AppDelegate.swift */ = {isa = PBXFileReference; lastKnownFileType = sourcecode.swift; path = AppDelegate.swift; sourceTree = "<group>"; };
		A531395028858568008C3AB2 /* SceneDelegate.swift */ = {isa = PBXFileReference; lastKnownFileType = sourcecode.swift; path = SceneDelegate.swift; sourceTree = "<group>"; };
		A531395228858568008C3AB2 /* ViewController.swift */ = {isa = PBXFileReference; lastKnownFileType = sourcecode.swift; path = ViewController.swift; sourceTree = "<group>"; };
		A531395528858568008C3AB2 /* Base */ = {isa = PBXFileReference; lastKnownFileType = file.storyboard; name = Base; path = Base.lproj/Main.storyboard; sourceTree = "<group>"; };
		A531395728858569008C3AB2 /* Assets.xcassets */ = {isa = PBXFileReference; lastKnownFileType = folder.assetcatalog; path = Assets.xcassets; sourceTree = "<group>"; };
		A531395A28858569008C3AB2 /* Base */ = {isa = PBXFileReference; lastKnownFileType = file.storyboard; name = Base; path = Base.lproj/LaunchScreen.storyboard; sourceTree = "<group>"; };
		A531395C28858569008C3AB2 /* Info.plist */ = {isa = PBXFileReference; lastKnownFileType = text.plist.xml; path = Info.plist; sourceTree = "<group>"; };
		A5313963288589A6008C3AB2 /* ThirdViewController.swift */ = {isa = PBXFileReference; lastKnownFileType = sourcecode.swift; path = ThirdViewController.swift; sourceTree = "<group>"; };
		A531396528859157008C3AB2 /* SecondViewController.swift */ = {isa = PBXFileReference; lastKnownFileType = sourcecode.swift; path = SecondViewController.swift; sourceTree = "<group>"; };
		A5313967288594F0008C3AB2 /* IntroViewController.swift */ = {isa = PBXFileReference; lastKnownFileType = sourcecode.swift; path = IntroViewController.swift; sourceTree = "<group>"; };
		BDCDF211202D793FC5A7C0BC /* Pods-ScreenChangeExample.release.xcconfig */ = {isa = PBXFileReference; includeInIndex = 1; lastKnownFileType = text.xcconfig; name = "Pods-ScreenChangeExample.release.xcconfig"; path = "Target Support Files/Pods-ScreenChangeExample/Pods-ScreenChangeExample.release.xcconfig"; sourceTree = "<group>"; };
/* End PBXFileReference section */

/* Begin PBXFrameworksBuildPhase section */
		A531394828858568008C3AB2 /* Frameworks */ = {
			isa = PBXFrameworksBuildPhase;
			buildActionMask = 2147483647;
			files = (
				E644071D2DB364FC454C9DD2 /* Pods_ScreenChangeExample.framework in Frameworks */,
			);
			runOnlyForDeploymentPostprocessing = 0;
		};
/* End PBXFrameworksBuildPhase section */

/* Begin PBXGroup section */
		1ED43F4DD06EC9BD374EE78D /* Frameworks */ = {
			isa = PBXGroup;
			children = (
				1181B9CA0F37BBF6DDB88670 /* Pods_ScreenChangeExample.framework */,
			);
			name = Frameworks;
			sourceTree = "<group>";
		};
		26E93089CE018F879E5B69AF /* Pods */ = {
			isa = PBXGroup;
			children = (
				753C3C47AEAF1A0C141DA9E3 /* Pods-ScreenChangeExample.debug.xcconfig */,
				BDCDF211202D793FC5A7C0BC /* Pods-ScreenChangeExample.release.xcconfig */,
			);
			path = Pods;
			sourceTree = "<group>";
		};
		A531394228858568008C3AB2 = {
			isa = PBXGroup;
			children = (
				A531394D28858568008C3AB2 /* ScreenChangeExample */,
				A531394C28858568008C3AB2 /* Products */,
				26E93089CE018F879E5B69AF /* Pods */,
				1ED43F4DD06EC9BD374EE78D /* Frameworks */,
			);
			sourceTree = "<group>";
		};
		A531394C28858568008C3AB2 /* Products */ = {
			isa = PBXGroup;
			children = (
				A531394B28858568008C3AB2 /* ScreenChangeExample.app */,
			);
			name = Products;
			sourceTree = "<group>";
		};
		A531394D28858568008C3AB2 /* ScreenChangeExample */ = {
			isa = PBXGroup;
			children = (
				A53139622885898B008C3AB2 /* ViewController */,
				A531394E28858568008C3AB2 /* AppDelegate.swift */,
				A531395028858568008C3AB2 /* SceneDelegate.swift */,
				A531395428858568008C3AB2 /* Main.storyboard */,
				A531395728858569008C3AB2 /* Assets.xcassets */,
				A531395928858569008C3AB2 /* LaunchScreen.storyboard */,
				A531395C28858569008C3AB2 /* Info.plist */,
			);
			path = ScreenChangeExample;
			sourceTree = "<group>";
		};
		A53139622885898B008C3AB2 /* ViewController */ = {
			isa = PBXGroup;
			children = (
				A531395228858568008C3AB2 /* ViewController.swift */,
				A5313963288589A6008C3AB2 /* ThirdViewController.swift */,
				A531396528859157008C3AB2 /* SecondViewController.swift */,
				A5313967288594F0008C3AB2 /* IntroViewController.swift */,
			);
			path = ViewController;
			sourceTree = "<group>";
		};
/* End PBXGroup section */

/* Begin PBXNativeTarget section */
		A531394A28858568008C3AB2 /* ScreenChangeExample */ = {
			isa = PBXNativeTarget;
			buildConfigurationList = A531395F28858569008C3AB2 /* Build configuration list for PBXNativeTarget "ScreenChangeExample" */;
			buildPhases = (
				48D9C41CB8A243C539E2454A /* [CP] Check Pods Manifest.lock */,
				A531394728858568008C3AB2 /* Sources */,
				A531394828858568008C3AB2 /* Frameworks */,
				A531394928858568008C3AB2 /* Resources */,
			);
			buildRules = (
			);
			dependencies = (
			);
			name = ScreenChangeExample;
			productName = ScreenChangeExample;
			productReference = A531394B28858568008C3AB2 /* ScreenChangeExample.app */;
			productType = "com.apple.product-type.application";
		};
/* End PBXNativeTarget section */

/* Begin PBXProject section */
		A531394328858568008C3AB2 /* Project object */ = {
			isa = PBXProject;
			attributes = {
				BuildIndependentTargetsInParallel = 1;
				LastSwiftUpdateCheck = 1340;
				LastUpgradeCheck = 1340;
				TargetAttributes = {
					A531394A28858568008C3AB2 = {
						CreatedOnToolsVersion = 13.4.1;
					};
				};
			};
			buildConfigurationList = A531394628858568008C3AB2 /* Build configuration list for PBXProject "ScreenChangeExample" */;
			compatibilityVersion = "Xcode 13.0";
			developmentRegion = en;
			hasScannedForEncodings = 0;
			knownRegions = (
				en,
				Base,
			);
			mainGroup = A531394228858568008C3AB2;
			productRefGroup = A531394C28858568008C3AB2 /* Products */;
			projectDirPath = "";
			projectRoot = "";
			targets = (
				A531394A28858568008C3AB2 /* ScreenChangeExample */,
			);
		};
/* End PBXProject section */

/* Begin PBXResourcesBuildPhase section */
		A531394928858568008C3AB2 /* Resources */ = {
			isa = PBXResourcesBuildPhase;
			buildActionMask = 2147483647;
			files = (
				A531395B28858569008C3AB2 /* LaunchScreen.storyboard in Resources */,
				A531395828858569008C3AB2 /* Assets.xcassets in Resources */,
				A531395628858568008C3AB2 /* Main.storyboard in Resources */,
			);
			runOnlyForDeploymentPostprocessing = 0;
		};
/* End PBXResourcesBuildPhase section */

/* Begin PBXShellScriptBuildPhase section */
		48D9C41CB8A243C539E2454A /* [CP] Check Pods Manifest.lock */ = {
			isa = PBXShellScriptBuildPhase;
			buildActionMask = 2147483647;
			files = (
			);
			inputFileListPaths = (
			);
			inputPaths = (
				"${PODS_PODFILE_DIR_PATH}/Podfile.lock",
				"${PODS_ROOT}/Manifest.lock",
			);
			name = "[CP] Check Pods Manifest.lock";
			outputFileListPaths = (
			);
			outputPaths = (
				"$(DERIVED_FILE_DIR)/Pods-ScreenChangeExample-checkManifestLockResult.txt",
			);
			runOnlyForDeploymentPostprocessing = 0;
			shellPath = /bin/sh;
			shellScript = "diff \"${PODS_PODFILE_DIR_PATH}/Podfile.lock\" \"${PODS_ROOT}/Manifest.lock\" > /dev/null\nif [ $? != 0 ] ; then\n    # print error to STDERR\n    echo \"error: The sandbox is not in sync with the Podfile.lock. Run 'pod install' or update your CocoaPods installation.\" >&2\n    exit 1\nfi\n# This output is used by Xcode 'outputs' to avoid re-running this script phase.\necho \"SUCCESS\" > \"${SCRIPT_OUTPUT_FILE_0}\"\n";
			showEnvVarsInLog = 0;
		};
/* End PBXShellScriptBuildPhase section */

/* Begin PBXSourcesBuildPhase section */
		A531394728858568008C3AB2 /* Sources */ = {
			isa = PBXSourcesBuildPhase;
			buildActionMask = 2147483647;
			files = (
				A531395328858568008C3AB2 /* ViewController.swift in Sources */,
				A531394F28858568008C3AB2 /* AppDelegate.swift in Sources */,
				A5313964288589A6008C3AB2 /* ThirdViewController.swift in Sources */,
				A5313968288594F0008C3AB2 /* IntroViewController.swift in Sources */,
				A531396628859157008C3AB2 /* SecondViewController.swift in Sources */,
				A531395128858568008C3AB2 /* SceneDelegate.swift in Sources */,
			);
			runOnlyForDeploymentPostprocessing = 0;
		};
/* End PBXSourcesBuildPhase section */

/* Begin PBXVariantGroup section */
		A531395428858568008C3AB2 /* Main.storyboard */ = {
			isa = PBXVariantGroup;
			children = (
				A531395528858568008C3AB2 /* Base */,
			);
			name = Main.storyboard;
			sourceTree = "<group>";
		};
		A531395928858569008C3AB2 /* LaunchScreen.storyboard */ = {
			isa = PBXVariantGroup;
			children = (
				A531395A28858569008C3AB2 /* Base */,
			);
			name = LaunchScreen.storyboard;
			sourceTree = "<group>";
		};
/* End PBXVariantGroup section */

/* Begin XCBuildConfiguration section */
		A531395D28858569008C3AB2 /* Debug */ = {
			isa = XCBuildConfiguration;
			buildSettings = {
				ALWAYS_SEARCH_USER_PATHS = NO;
				CLANG_ANALYZER_NONNULL = YES;
				CLANG_ANALYZER_NUMBER_OBJECT_CONVERSION = YES_AGGRESSIVE;
				CLANG_CXX_LANGUAGE_STANDARD = "gnu++17";
				CLANG_ENABLE_MODULES = YES;
				CLANG_ENABLE_OBJC_ARC = YES;
				CLANG_ENABLE_OBJC_WEAK = YES;
				CLANG_WARN_BLOCK_CAPTURE_AUTORELEASING = YES;
				CLANG_WARN_BOOL_CONVERSION = YES;
				CLANG_WARN_COMMA = YES;
				CLANG_WARN_CONSTANT_CONVERSION = YES;
				CLANG_WARN_DEPRECATED_OBJC_IMPLEMENTATIONS = YES;
				CLANG_WARN_DIRECT_OBJC_ISA_USAGE = YES_ERROR;
				CLANG_WARN_DOCUMENTATION_COMMENTS = YES;
				CLANG_WARN_EMPTY_BODY = YES;
				CLANG_WARN_ENUM_CONVERSION = YES;
				CLANG_WARN_INFINITE_RECURSION = YES;
				CLANG_WARN_INT_CONVERSION = YES;
				CLANG_WARN_NON_LITERAL_NULL_CONVERSION = YES;
				CLANG_WARN_OBJC_IMPLICIT_RETAIN_SELF = YES;
				CLANG_WARN_OBJC_LITERAL_CONVERSION = YES;
				CLANG_WARN_OBJC_ROOT_CLASS = YES_ERROR;
				CLANG_WARN_QUOTED_INCLUDE_IN_FRAMEWORK_HEADER = YES;
				CLANG_WARN_RANGE_LOOP_ANALYSIS = YES;
				CLANG_WARN_STRICT_PROTOTYPES = YES;
				CLANG_WARN_SUSPICIOUS_MOVE = YES;
				CLANG_WARN_UNGUARDED_AVAILABILITY = YES_AGGRESSIVE;
				CLANG_WARN_UNREACHABLE_CODE = YES;
				CLANG_WARN__DUPLICATE_METHOD_MATCH = YES;
				COPY_PHASE_STRIP = NO;
				DEBUG_INFORMATION_FORMAT = dwarf;
				ENABLE_STRICT_OBJC_MSGSEND = YES;
				ENABLE_TESTABILITY = YES;
				GCC_C_LANGUAGE_STANDARD = gnu11;
				GCC_DYNAMIC_NO_PIC = NO;
				GCC_NO_COMMON_BLOCKS = YES;
				GCC_OPTIMIZATION_LEVEL = 0;
				GCC_PREPROCESSOR_DEFINITIONS = (
					"DEBUG=1",
					"$(inherited)",
				);
				GCC_WARN_64_TO_32_BIT_CONVERSION = YES;
				GCC_WARN_ABOUT_RETURN_TYPE = YES_ERROR;
				GCC_WARN_UNDECLARED_SELECTOR = YES;
				GCC_WARN_UNINITIALIZED_AUTOS = YES_AGGRESSIVE;
				GCC_WARN_UNUSED_FUNCTION = YES;
				GCC_WARN_UNUSED_VARIABLE = YES;
				IPHONEOS_DEPLOYMENT_TARGET = 15.5;
				MTL_ENABLE_DEBUG_INFO = INCLUDE_SOURCE;
				MTL_FAST_MATH = YES;
				ONLY_ACTIVE_ARCH = YES;
				SDKROOT = iphoneos;
				SWIFT_ACTIVE_COMPILATION_CONDITIONS = DEBUG;
				SWIFT_OPTIMIZATION_LEVEL = "-Onone";
			};
			name = Debug;
		};
		A531395E28858569008C3AB2 /* Release */ = {
			isa = XCBuildConfiguration;
			buildSettings = {
				ALWAYS_SEARCH_USER_PATHS = NO;
				CLANG_ANALYZER_NONNULL = YES;
				CLANG_ANALYZER_NUMBER_OBJECT_CONVERSION = YES_AGGRESSIVE;
				CLANG_CXX_LANGUAGE_STANDARD = "gnu++17";
				CLANG_ENABLE_MODULES = YES;
				CLANG_ENABLE_OBJC_ARC = YES;
				CLANG_ENABLE_OBJC_WEAK = YES;
				CLANG_WARN_BLOCK_CAPTURE_AUTORELEASING = YES;
				CLANG_WARN_BOOL_CONVERSION = YES;
				CLANG_WARN_COMMA = YES;
				CLANG_WARN_CONSTANT_CONVERSION = YES;
				CLANG_WARN_DEPRECATED_OBJC_IMPLEMENTATIONS = YES;
				CLANG_WARN_DIRECT_OBJC_ISA_USAGE = YES_ERROR;
				CLANG_WARN_DOCUMENTATION_COMMENTS = YES;
				CLANG_WARN_EMPTY_BODY = YES;
				CLANG_WARN_ENUM_CONVERSION = YES;
				CLANG_WARN_INFINITE_RECURSION = YES;
				CLANG_WARN_INT_CONVERSION = YES;
				CLANG_WARN_NON_LITERAL_NULL_CONVERSION = YES;
				CLANG_WARN_OBJC_IMPLICIT_RETAIN_SELF = YES;
				CLANG_WARN_OBJC_LITERAL_CONVERSION = YES;
				CLANG_WARN_OBJC_ROOT_CLASS = YES_ERROR;
				CLANG_WARN_QUOTED_INCLUDE_IN_FRAMEWORK_HEADER = YES;
				CLANG_WARN_RANGE_LOOP_ANALYSIS = YES;
				CLANG_WARN_STRICT_PROTOTYPES = YES;
				CLANG_WARN_SUSPICIOUS_MOVE = YES;
				CLANG_WARN_UNGUARDED_AVAILABILITY = YES_AGGRESSIVE;
				CLANG_WARN_UNREACHABLE_CODE = YES;
				CLANG_WARN__DUPLICATE_METHOD_MATCH = YES;
				COPY_PHASE_STRIP = NO;
				DEBUG_INFORMATION_FORMAT = "dwarf-with-dsym";
				ENABLE_NS_ASSERTIONS = NO;
				ENABLE_STRICT_OBJC_MSGSEND = YES;
				GCC_C_LANGUAGE_STANDARD = gnu11;
				GCC_NO_COMMON_BLOCKS = YES;
				GCC_WARN_64_TO_32_BIT_CONVERSION = YES;
				GCC_WARN_ABOUT_RETURN_TYPE = YES_ERROR;
				GCC_WARN_UNDECLARED_SELECTOR = YES;
				GCC_WARN_UNINITIALIZED_AUTOS = YES_AGGRESSIVE;
				GCC_WARN_UNUSED_FUNCTION = YES;
				GCC_WARN_UNUSED_VARIABLE = YES;
				IPHONEOS_DEPLOYMENT_TARGET = 15.5;
				MTL_ENABLE_DEBUG_INFO = NO;
				MTL_FAST_MATH = YES;
				SDKROOT = iphoneos;
				SWIFT_COMPILATION_MODE = wholemodule;
				SWIFT_OPTIMIZATION_LEVEL = "-O";
				VALIDATE_PRODUCT = YES;
			};
			name = Release;
		};
		A531396028858569008C3AB2 /* Debug */ = {
			isa = XCBuildConfiguration;
			baseConfigurationReference = 753C3C47AEAF1A0C141DA9E3 /* Pods-ScreenChangeExample.debug.xcconfig */;
			buildSettings = {
				ASSETCATALOG_COMPILER_APPICON_NAME = AppIcon;
				ASSETCATALOG_COMPILER_GLOBAL_ACCENT_COLOR_NAME = AccentColor;
				CODE_SIGN_STYLE = Automatic;
				CURRENT_PROJECT_VERSION = 1;
				GENERATE_INFOPLIST_FILE = YES;
				INFOPLIST_FILE = ScreenChangeExample/Info.plist;
				INFOPLIST_KEY_UIApplicationSupportsIndirectInputEvents = YES;
				INFOPLIST_KEY_UILaunchStoryboardName = LaunchScreen;
				INFOPLIST_KEY_UIMainStoryboardFile = Main;
				INFOPLIST_KEY_UISupportedInterfaceOrientations_iPad = "UIInterfaceOrientationPortrait UIInterfaceOrientationPortraitUpsideDown UIInterfaceOrientationLandscapeLeft UIInterfaceOrientationLandscapeRight";
				INFOPLIST_KEY_UISupportedInterfaceOrientations_iPhone = "UIInterfaceOrientationPortrait UIInterfaceOrientationLandscapeLeft UIInterfaceOrientationLandscapeRight";
				LD_RUNPATH_SEARCH_PATHS = (
					"$(inherited)",
					"@executable_path/Frameworks",
				);
				MARKETING_VERSION = 1.0;
				PRODUCT_BUNDLE_IDENTIFIER = com.ssmi.ScreenChangeExample;
				PRODUCT_NAME = "$(TARGET_NAME)";
				SWIFT_EMIT_LOC_STRINGS = YES;
				SWIFT_VERSION = 5.0;
				TARGETED_DEVICE_FAMILY = "1,2";
			};
			name = Debug;
		};
		A531396128858569008C3AB2 /* Release */ = {
			isa = XCBuildConfiguration;
			baseConfigurationReference = BDCDF211202D793FC5A7C0BC /* Pods-ScreenChangeExample.release.xcconfig */;
			buildSettings = {
				ASSETCATALOG_COMPILER_APPICON_NAME = AppIcon;
				ASSETCATALOG_COMPILER_GLOBAL_ACCENT_COLOR_NAME = AccentColor;
				CODE_SIGN_STYLE = Automatic;
				CURRENT_PROJECT_VERSION = 1;
				GENERATE_INFOPLIST_FILE = YES;
				INFOPLIST_FILE = ScreenChangeExample/Info.plist;
				INFOPLIST_KEY_UIApplicationSupportsIndirectInputEvents = YES;
				INFOPLIST_KEY_UILaunchStoryboardName = LaunchScreen;
				INFOPLIST_KEY_UIMainStoryboardFile = Main;
				INFOPLIST_KEY_UISupportedInterfaceOrientations_iPad = "UIInterfaceOrientationPortrait UIInterfaceOrientationPortraitUpsideDown UIInterfaceOrientationLandscapeLeft UIInterfaceOrientationLandscapeRight";
				INFOPLIST_KEY_UISupportedInterfaceOrientations_iPhone = "UIInterfaceOrientationPortrait UIInterfaceOrientationLandscapeLeft UIInterfaceOrientationLandscapeRight";
				LD_RUNPATH_SEARCH_PATHS = (
					"$(inherited)",
					"@executable_path/Frameworks",
				);
				MARKETING_VERSION = 1.0;
				PRODUCT_BUNDLE_IDENTIFIER = com.ssmi.ScreenChangeExample;
				PRODUCT_NAME = "$(TARGET_NAME)";
				SWIFT_EMIT_LOC_STRINGS = YES;
				SWIFT_VERSION = 5.0;
				TARGETED_DEVICE_FAMILY = "1,2";
			};
			name = Release;
		};
/* End XCBuildConfiguration section */

/* Begin XCConfigurationList section */
		A531394628858568008C3AB2 /* Build configuration list for PBXProject "ScreenChangeExample" */ = {
			isa = XCConfigurationList;
			buildConfigurations = (
				A531395D28858569008C3AB2 /* Debug */,
				A531395E28858569008C3AB2 /* Release */,
			);
			defaultConfigurationIsVisible = 0;
			defaultConfigurationName = Release;
		};
		A531395F28858569008C3AB2 /* Build configuration list for PBXNativeTarget "ScreenChangeExample" */ = {
			isa = XCConfigurationList;
			buildConfigurations = (
				A531396028858569008C3AB2 /* Debug */,
				A531396128858569008C3AB2 /* Release */,
			);
			defaultConfigurationIsVisible = 0;
			defaultConfigurationName = Release;
		};
/* End XCConfigurationList section */
	};
	rootObject = A531394328858568008C3AB2 /* Project object */;
}
